// !$*UTF8*$!
{
	archiveVersion = 1;
	classes = {
	};
	objectVersion = 46;
	objects = {

/* Begin PBXBuildFile section */
		78AA8F6C1DF575A8000A120B /* AppDelegate.swift in Sources */ = {isa = PBXBuildFile; fileRef = 78AA8F6B1DF575A8000A120B /* AppDelegate.swift */; };
		78AA8F6E1DF575A8000A120B /* ViewController.swift in Sources */ = {isa = PBXBuildFile; fileRef = 78AA8F6D1DF575A8000A120B /* ViewController.swift */; };
		78AA8F711DF575A8000A120B /* Main.storyboard in Resources */ = {isa = PBXBuildFile; fileRef = 78AA8F6F1DF575A8000A120B /* Main.storyboard */; };
		78AA8F731DF575A8000A120B /* Assets.xcassets in Resources */ = {isa = PBXBuildFile; fileRef = 78AA8F721DF575A8000A120B /* Assets.xcassets */; };
		78AA8F761DF575A8000A120B /* LaunchScreen.storyboard in Resources */ = {isa = PBXBuildFile; fileRef = 78AA8F741DF575A8000A120B /* LaunchScreen.storyboard */; };
		78AA8F7E1DF575BC000A120B /* JSONModel.swift in Sources */ = {isa = PBXBuildFile; fileRef = 78AA8F7D1DF575BC000A120B /* JSONModel.swift */; };
/* End PBXBuildFile section */

/* Begin PBXFileReference section */
		78AA8F681DF575A8000A120B /* JSONModel.app */ = {isa = PBXFileReference; explicitFileType = wrapper.application; includeInIndex = 0; path = JSONModel.app; sourceTree = BUILT_PRODUCTS_DIR; };
		78AA8F6B1DF575A8000A120B /* AppDelegate.swift */ = {isa = PBXFileReference; lastKnownFileType = sourcecode.swift; path = AppDelegate.swift; sourceTree = "<group>"; };
		78AA8F6D1DF575A8000A120B /* ViewController.swift */ = {isa = PBXFileReference; lastKnownFileType = sourcecode.swift; path = ViewController.swift; sourceTree = "<group>"; };
		78AA8F701DF575A8000A120B /* Base */ = {isa = PBXFileReference; lastKnownFileType = file.storyboard; name = Base; path = Base.lproj/Main.storyboard; sourceTree = "<group>"; };
		78AA8F721DF575A8000A120B /* Assets.xcassets */ = {isa = PBXFileReference; lastKnownFileType = folder.assetcatalog; path = Assets.xcassets; sourceTree = "<group>"; };
		78AA8F751DF575A8000A120B /* Base */ = {isa = PBXFileReference; lastKnownFileType = file.storyboard; name = Base; path = Base.lproj/LaunchScreen.storyboard; sourceTree = "<group>"; };
		78AA8F771DF575A8000A120B /* Info.plist */ = {isa = PBXFileReference; lastKnownFileType = text.plist.xml; path = Info.plist; sourceTree = "<group>"; };
		78AA8F7D1DF575BC000A120B /* JSONModel.swift */ = {isa = PBXFileReference; fileEncoding = 4; lastKnownFileType = sourcecode.swift; path = JSONModel.swift; sourceTree = "<group>"; };
/* End PBXFileReference section */

/* Begin PBXFrameworksBuildPhase section */
		78AA8F651DF575A8000A120B /* Frameworks */ = {
			isa = PBXFrameworksBuildPhase;
			buildActionMask = 2147483647;
			files = (
			);
			runOnlyForDeploymentPostprocessing = 0;
		};
/* End PBXFrameworksBuildPhase section */

/* Begin PBXGroup section */
		78AA8F5F1DF575A7000A120B = {
			isa = PBXGroup;
			children = (
				78AA8F6A1DF575A8000A120B /* JSONModel */,
				78AA8F691DF575A8000A120B /* Products */,
			);
			sourceTree = "<group>";
		};
		78AA8F691DF575A8000A120B /* Products */ = {
			isa = PBXGroup;
			children = (
				78AA8F681DF575A8000A120B /* JSONModel.app */,
			);
			name = Products;
			sourceTree = "<group>";
		};
		78AA8F6A1DF575A8000A120B /* JSONModel */ = {
			isa = PBXGroup;
			children = (
				78AA8F6B1DF575A8000A120B /* AppDelegate.swift */,
				78AA8F6D1DF575A8000A120B /* ViewController.swift */,
				78AA8F6F1DF575A8000A120B /* Main.storyboard */,
				78AA8F721DF575A8000A120B /* Assets.xcassets */,
				78AA8F741DF575A8000A120B /* LaunchScreen.storyboard */,
				78AA8F771DF575A8000A120B /* Info.plist */,
				78AA8F7D1DF575BC000A120B /* JSONModel.swift */,
			);
			path = JSONModel;
			sourceTree = "<group>";
		};
/* End PBXGroup section */

/* Begin PBXNativeTarget section */
		78AA8F671DF575A8000A120B /* JSONModel */ = {
			isa = PBXNativeTarget;
			buildConfigurationList = 78AA8F7A1DF575A8000A120B /* Build configuration list for PBXNativeTarget "JSONModel" */;
			buildPhases = (
				78AA8F641DF575A8000A120B /* Sources */,
				78AA8F651DF575A8000A120B /* Frameworks */,
				78AA8F661DF575A8000A120B /* Resources */,
			);
			buildRules = (
			);
			dependencies = (
			);
			name = JSONModel;
			productName = JSONModel;
			productReference = 78AA8F681DF575A8000A120B /* JSONModel.app */;
			productType = "com.apple.product-type.application";
		};
/* End PBXNativeTarget section */

/* Begin PBXProject section */
		78AA8F601DF575A7000A120B /* Project object */ = {
			isa = PBXProject;
			attributes = {
				LastSwiftUpdateCheck = 0810;
				LastUpgradeCheck = 0810;
				ORGANIZATIONNAME = martin;
				TargetAttributes = {
					78AA8F671DF575A8000A120B = {
						CreatedOnToolsVersion = 8.1;
						DevelopmentTeam = DCEHX852DF;
						ProvisioningStyle = Automatic;
					};
				};
			};
			buildConfigurationList = 78AA8F631DF575A7000A120B /* Build configuration list for PBXProject "JSONModel" */;
			compatibilityVersion = "Xcode 3.2";
			developmentRegion = English;
			hasScannedForEncodings = 0;
			knownRegions = (
				en,
				Base,
			);
			mainGroup = 78AA8F5F1DF575A7000A120B;
			productRefGroup = 78AA8F691DF575A8000A120B /* Products */;
			projectDirPath = "";
			projectRoot = "";
			targets = (
				78AA8F671DF575A8000A120B /* JSONModel */,
			);
		};
/* End PBXProject section */

/* Begin PBXResourcesBuildPhase section */
		78AA8F661DF575A8000A120B /* Resources */ = {
			isa = PBXResourcesBuildPhase;
			buildActionMask = 2147483647;
			files = (
				78AA8F761DF575A8000A120B /* LaunchScreen.storyboard in Resources */,
				78AA8F731DF575A8000A120B /* Assets.xcassets in Resources */,
				78AA8F711DF575A8000A120B /* Main.storyboard in Resources */,
			);
			runOnlyForDeploymentPostprocessing = 0;
		};
/* End PBXResourcesBuildPhase section */

/* Begin PBXSourcesBuildPhase section */
		78AA8F641DF575A8000A120B /* Sources */ = {
			isa = PBXSourcesBuildPhase;
			buildActionMask = 2147483647;
			files = (
				78AA8F6E1DF575A8000A120B /* ViewController.swift in Sources */,
				78AA8F6C1DF575A8000A120B /* AppDelegate.swift in Sources */,
				78AA8F7E1DF575BC000A120B /* JSONModel.swift in Sources */,
			);
			runOnlyForDeploymentPostprocessing = 0;
		};
/* End PBXSourcesBuildPhase section */

/* Begin PBXVariantGroup section */
		78AA8F6F1DF575A8000A120B /* Main.storyboard */ = {
			isa = PBXVariantGroup;
			children = (
				78AA8F701DF575A8000A120B /* Base */,
			);
			name = Main.storyboard;
			sourceTree = "<group>";
		};
		78AA8F741DF575A8000A120B /* LaunchScreen.storyboard */ = {
			isa = PBXVariantGroup;
			children = (
				78AA8F751DF575A8000A120B /* Base */,
			);
			name = LaunchScreen.storyboard;
			sourceTree = "<group>";
		};
/* End PBXVariantGroup section */

/* Begin XCBuildConfiguration section */
		78AA8F781DF575A8000A120B /* Debug */ = {
			isa = XCBuildConfiguration;
			buildSettings = {
				ALWAYS_SEARCH_USER_PATHS = NO;
				CLANG_ANALYZER_NONNULL = YES;
				CLANG_CXX_LANGUAGE_STANDARD = "gnu++0x";
				CLANG_CXX_LIBRARY = "libc++";
				CLANG_ENABLE_MODULES = YES;
				CLANG_ENABLE_OBJC_ARC = YES;
				CLANG_WARN_BOOL_CONVERSION = YES;
				CLANG_WARN_CONSTANT_CONVERSION = YES;
				CLANG_WARN_DIRECT_OBJC_ISA_USAGE = YES_ERROR;
				CLANG_WARN_DOCUMENTATION_COMMENTS = YES;
				CLANG_WARN_EMPTY_BODY = YES;
				CLANG_WARN_ENUM_CONVERSION = YES;
				CLANG_WARN_INFINITE_RECURSION = YES;
				CLANG_WARN_INT_CONVERSION = YES;
				CLANG_WARN_OBJC_ROOT_CLASS = YES_ERROR;
				CLANG_WARN_SUSPICIOUS_MOVES = YES;
				CLANG_WARN_UNREACHABLE_CODE = YES;
				CLANG_WARN__DUPLICATE_METHOD_MATCH = YES;
				"CODE_SIGN_IDENTITY[sdk=iphoneos*]" = "iPhone Developer";
				COPY_PHASE_STRIP = NO;
				DEBUG_INFORMATION_FORMAT = dwarf;
				ENABLE_STRICT_OBJC_MSGSEND = YES;
				ENABLE_TESTABILITY = YES;
				GCC_C_LANGUAGE_STANDARD = gnu99;
				GCC_DYNAMIC_NO_PIC = NO;
				GCC_NO_COMMON_BLOCKS = YES;
				GCC_OPTIMIZATION_LEVEL = 0;
				GCC_PREPROCESSOR_DEFINITIONS = (
					"DEBUG=1",
					"$(inherited)",
				);
				GCC_WARN_64_TO_32_BIT_CONVERSION = YES;
				GCC_WARN_ABOUT_RETURN_TYPE = YES_ERROR;
				GCC_WARN_UNDECLARED_SELECTOR = YES;
				GCC_WARN_UNINITIALIZED_AUTOS = YES_AGGRESSIVE;
				GCC_WARN_UNUSED_FUNCTION = YES;
				GCC_WARN_UNUSED_VARIABLE = YES;
				IPHONEOS_DEPLOYMENT_TARGET = 10.1;
				MTL_ENABLE_DEBUG_INFO = YES;
				ONLY_ACTIVE_ARCH = YES;
				SDKROOT = iphoneos;
				SWIFT_ACTIVE_COMPILATION_CONDITIONS = DEBUG;
				SWIFT_OPTIMIZATION_LEVEL = "-Onone";
				TARGETED_DEVICE_FAMILY = "1,2";
			};
			name = Debug;
		};
		78AA8F791DF575A8000A120B /* Release */ = {
			isa = XCBuildConfiguration;
			buildSettings = {
				ALWAYS_SEARCH_USER_PATHS = NO;
				CLANG_ANALYZER_NONNULL = YES;
				CLANG_CXX_LANGUAGE_STANDARD = "gnu++0x";
				CLANG_CXX_LIBRARY = "libc++";
				CLANG_ENABLE_MODULES = YES;
				CLANG_ENABLE_OBJC_ARC = YES;
				CLANG_WARN_BOOL_CONVERSION = YES;
				CLANG_WARN_CONSTANT_CONVERSION = YES;
				CLANG_WARN_DIRECT_OBJC_ISA_USAGE = YES_ERROR;
				CLANG_WARN_DOCUMENTATION_COMMENTS = YES;
				CLANG_WARN_EMPTY_BODY = YES;
				CLANG_WARN_ENUM_CONVERSION = YES;
				CLANG_WARN_INFINITE_RECURSION = YES;
				CLANG_WARN_INT_CONVERSION = YES;
				CLANG_WARN_OBJC_ROOT_CLASS = YES_ERROR;
				CLANG_WARN_SUSPICIOUS_MOVES = YES;
				CLANG_WARN_UNREACHABLE_CODE = YES;
				CLANG_WARN__DUPLICATE_METHOD_MATCH = YES;
				"CODE_SIGN_IDENTITY[sdk=iphoneos*]" = "iPhone Developer";
				COPY_PHASE_STRIP = NO;
				DEBUG_INFORMATION_FORMAT = "dwarf-with-dsym";
				ENABLE_NS_ASSERTIONS = NO;
				ENABLE_STRICT_OBJC_MSGSEND = YES;
				GCC_C_LANGUAGE_STANDARD = gnu99;
				GCC_NO_COMMON_BLOCKS = YES;
				GCC_WARN_64_TO_32_BIT_CONVERSION = YES;
				GCC_WARN_ABOUT_RETURN_TYPE = YES_ERROR;
				GCC_WARN_UNDECLARED_SELECTOR = YES;
				GCC_WARN_UNINITIALIZED_AUTOS = YES_AGGRESSIVE;
				GCC_WARN_UNUSED_FUNCTION = YES;
				GCC_WARN_UNUSED_VARIABLE = YES;
				IPHONEOS_DEPLOYMENT_TARGET = 10.1;
				MTL_ENABLE_DEBUG_INFO = NO;
				SDKROOT = iphoneos;
				SWIFT_OPTIMIZATION_LEVEL = "-Owholemodule";
				TARGETED_DEVICE_FAMILY = "1,2";
				VALIDATE_PRODUCT = YES;
			};
			name = Release;
		};
		78AA8F7B1DF575A8000A120B /* Debug */ = {
			isa = XCBuildConfiguration;
			buildSettings = {
				ASSETCATALOG_COMPILER_APPICON_NAME = AppIcon;
				DEVELOPMENT_TEAM = DCEHX852DF;
				INFOPLIST_FILE = JSONModel/Info.plist;
				LD_RUNPATH_SEARCH_PATHS = "$(inherited) @executable_path/Frameworks";
				PRODUCT_BUNDLE_IDENTIFIER = martin.JSONModel;
				PRODUCT_NAME = "$(TARGET_NAME)";
				SWIFT_VERSION = 4.0;
			};
			name = Debug;
		};
		78AA8F7C1DF575A8000A120B /* Release */ = {
			isa = XCBuildConfiguration;
			buildSettings = {
				ASSETCATALOG_COMPILER_APPICON_NAME = AppIcon;
				DEVELOPMENT_TEAM = DCEHX852DF;
				INFOPLIST_FILE = JSONModel/Info.plist;
				LD_RUNPATH_SEARCH_PATHS = "$(inherited) @executable_path/Frameworks";
				PRODUCT_BUNDLE_IDENTIFIER = martin.JSONModel;
				PRODUCT_NAME = "$(TARGET_NAME)";
				SWIFT_VERSION = 4.0;
			};
			name = Release;
		};
/* End XCBuildConfiguration section */

/* Begin XCConfigurationList section */
		78AA8F631DF575A7000A120B /* Build configuration list for PBXProject "JSONModel" */ = {
			isa = XCConfigurationList;
			buildConfigurations = (
				78AA8F781DF575A8000A120B /* Debug */,
				78AA8F791DF575A8000A120B /* Release */,
			);
			defaultConfigurationIsVisible = 0;
			defaultConfigurationName = Release;
		};
		78AA8F7A1DF575A8000A120B /* Build configuration list for PBXNativeTarget "JSONModel" */ = {
			isa = XCConfigurationList;
			buildConfigurations = (
				78AA8F7B1DF575A8000A120B /* Debug */,
				78AA8F7C1DF575A8000A120B /* Release */,
			);
			defaultConfigurationIsVisible = 0;
			defaultConfigurationName = Release;
		};
/* End XCConfigurationList section */
	};
	rootObject = 78AA8F601DF575A7000A120B /* Project object */;
}
